
Microsoft Visual Studio Solution File, Format Version 12.00
# Visual Studio Version 17
VisualStudioVersion = 17.0.31903.59
MinimumVisualStudioVersion = 10.0.40219.1
Project("{FAE04EC0-301F-11D3-BF4B-00C04F79EFBC}") = "par_ou_impar", "par_ou_impar\par_ou_impar.csproj", "{B6F9DC7F-4EC6-4FA5-89E6-21A3642BFFB9}"
EndProject
Global
	GlobalSection(SolutionConfigurationPlatforms) = preSolution
		Debug|Any CPU = Debug|Any CPU
		Release|Any CPU = Release|Any CPU
	EndGlobalSection
	GlobalSection(SolutionProperties) = preSolution
		HideSolutionNode = FALSE
	EndGlobalSection
	GlobalSection(ProjectConfigurationPlatforms) = postSolution
		{B6F9DC7F-4EC6-4FA5-89E6-21A3642BFFB9}.Debug|Any CPU.ActiveCfg = Debug|Any CPU
		{B6F9DC7F-4EC6-4FA5-89E6-21A3642BFFB9}.Debug|Any CPU.Build.0 = Debug|Any CPU
		{B6F9DC7F-4EC6-4FA5-89E6-21A3642BFFB9}.Release|Any CPU.ActiveCfg = Release|Any CPU
		{B6F9DC7F-4EC6-4FA5-89E6-21A3642BFFB9}.Release|Any CPU.Build.0 = Release|Any CPU
	EndGlobalSection
EndGlobal
